PODS:
  - Flutter (1.0.0)
  - scan_view (0.0.1):
    - Flutter
    - SnapKit (~> 4.0)
    - Toast-Swift (~> 4.0)
  - SnapKit (4.2.0)
  - Toast-Swift (4.0.1)

DEPENDENCIES:
  - Flutter (from `.symlinks/flutter/ios`)
  - scan_view (from `.symlinks/plugins/scan_view/ios`)

SPEC REPOS:
  trunk:
    - SnapKit
    - Toast-Swift

EXTERNAL SOURCES:
  Flutter:
    :path: ".symlinks/flutter/ios"
  scan_view:
    :path: ".symlinks/plugins/scan_view/ios"

SPEC CHECKSUMS:
  Flutter: 0e3d915762c693b495b44d77113d4970485de6ec
  scan_view: ba85fc554aba49b19503457dca649ba6f92b141f
  SnapKit: fe8a619752f3f27075cc9a90244d75c6c3f27e2a
  Toast-Swift: e42a638589a2f95036b4bb7626cfbdde7daf0393

PODFILE CHECKSUM: 99bd32cc570d435352e151308ff4c67a4463ccba

COCOAPODS: 1.8.1
